// !$*UTF8*$!
{
	archiveVersion = 1;
	classes = {
	};
	objectVersion = 55;
	objects = {

/* Begin PBXBuildFile section */
		41B523E2259EA3CD005984CF /* Tests_iOS.swift in Sources */ = {isa = PBXBuildFile; fileRef = 41B523E1259EA3CD005984CF /* Tests_iOS.swift */; };
		41B523E4259EA3CD005984CF /* Tests_iOSLaunchTests.swift in Sources */ = {isa = PBXBuildFile; fileRef = 41B523E3259EA3CD005984CF /* Tests_iOSLaunchTests.swift */; };
		41B523EE259EA3CD005984CF /* Tests_macOS.swift in Sources */ = {isa = PBXBuildFile; fileRef = 41B523ED259EA3CD005984CF /* Tests_macOS.swift */; };
		41B523F0259EA3CD005984CF /* Tests_macOSLaunchTests.swift in Sources */ = {isa = PBXBuildFile; fileRef = 41B523EF259EA3CD005984CF /* Tests_macOSLaunchTests.swift */; };
		41B523F1259EA3CD005984CF /* Currency_conversionsApp.swift in Sources */ = {isa = PBXBuildFile; fileRef = 41B523C9259EA3B4005984CF /* Currency_conversionsApp.swift */; };
		41B523F2259EA3CD005984CF /* Currency_conversionsApp.swift in Sources */ = {isa = PBXBuildFile; fileRef = 41B523C9259EA3B4005984CF /* Currency_conversionsApp.swift */; };
		41B523F3259EA3CD005984CF /* ContentView.swift in Sources */ = {isa = PBXBuildFile; fileRef = 41B523CA259EA3B4005984CF /* ContentView.swift */; };
		41B523F4259EA3CD005984CF /* ContentView.swift in Sources */ = {isa = PBXBuildFile; fileRef = 41B523CA259EA3B4005984CF /* ContentView.swift */; };
		41B523F5259EA3CD005984CF /* Assets.xcassets in Resources */ = {isa = PBXBuildFile; fileRef = 41B523CB259EA3CD005984CF /* Assets.xcassets */; };
		41B523F6259EA3CD005984CF /* Assets.xcassets in Resources */ = {isa = PBXBuildFile; fileRef = 41B523CB259EA3CD005984CF /* Assets.xcassets */; };
/* End PBXBuildFile section */

/* Begin PBXContainerItemProxy section */
		41B523DE259EA3CD005984CF /* PBXContainerItemProxy */ = {
			isa = PBXContainerItemProxy;
			containerPortal = 41B523C4259EA3B3005984CF /* Project object */;
			proxyType = 1;
			remoteGlobalIDString = 41B523CF259EA3CD005984CF;
			remoteInfo = "Currency conversions (iOS)";
		};
		41B523EA259EA3CD005984CF /* PBXContainerItemProxy */ = {
			isa = PBXContainerItemProxy;
			containerPortal = 41B523C4259EA3B3005984CF /* Project object */;
			proxyType = 1;
			remoteGlobalIDString = 41B523D5259EA3CD005984CF;
			remoteInfo = "Currency conversions (macOS)";
		};
/* End PBXContainerItemProxy section */

/* Begin PBXFileReference section */
		4137B6A1283426AF00D6FA32 /* README.md */ = {isa = PBXFileReference; lastKnownFileType = net.daringfireball.markdown; path = README.md; sourceTree = "<group>"; };
		41B523C9259EA3B4005984CF /* Currency_conversionsApp.swift */ = {isa = PBXFileReference; lastKnownFileType = sourcecode.swift; path = Currency_conversionsApp.swift; sourceTree = "<group>"; };
		41B523CA259EA3B4005984CF /* ContentView.swift */ = {isa = PBXFileReference; lastKnownFileType = sourcecode.swift; path = ContentView.swift; sourceTree = "<group>"; };
		41B523CB259EA3CD005984CF /* Assets.xcassets */ = {isa = PBXFileReference; lastKnownFileType = folder.assetcatalog; path = Assets.xcassets; sourceTree = "<group>"; };
		41B523D0259EA3CD005984CF /* Currency conversions.app */ = {isa = PBXFileReference; explicitFileType = wrapper.application; includeInIndex = 0; path = "Currency conversions.app"; sourceTree = BUILT_PRODUCTS_DIR; };
		41B523D6259EA3CD005984CF /* Currency conversions.app */ = {isa = PBXFileReference; explicitFileType = wrapper.application; includeInIndex = 0; path = "Currency conversions.app"; sourceTree = BUILT_PRODUCTS_DIR; };
		41B523D8259EA3CD005984CF /* macOS.entitlements */ = {isa = PBXFileReference; lastKnownFileType = text.plist.entitlements; path = macOS.entitlements; sourceTree = "<group>"; };
		41B523DD259EA3CD005984CF /* Tests iOS.xctest */ = {isa = PBXFileReference; explicitFileType = wrapper.cfbundle; includeInIndex = 0; path = "Tests iOS.xctest"; sourceTree = BUILT_PRODUCTS_DIR; };
		41B523E1259EA3CD005984CF /* Tests_iOS.swift */ = {isa = PBXFileReference; lastKnownFileType = sourcecode.swift; path = Tests_iOS.swift; sourceTree = "<group>"; };
		41B523E3259EA3CD005984CF /* Tests_iOSLaunchTests.swift */ = {isa = PBXFileReference; lastKnownFileType = sourcecode.swift; path = Tests_iOSLaunchTests.swift; sourceTree = "<group>"; };
		41B523E9259EA3CD005984CF /* Tests macOS.xctest */ = {isa = PBXFileReference; explicitFileType = wrapper.cfbundle; includeInIndex = 0; path = "Tests macOS.xctest"; sourceTree = BUILT_PRODUCTS_DIR; };
		41B523ED259EA3CD005984CF /* Tests_macOS.swift */ = {isa = PBXFileReference; lastKnownFileType = sourcecode.swift; path = Tests_macOS.swift; sourceTree = "<group>"; };
		41B523EF259EA3CD005984CF /* Tests_macOSLaunchTests.swift */ = {isa = PBXFileReference; lastKnownFileType = sourcecode.swift; path = Tests_macOSLaunchTests.swift; sourceTree = "<group>"; };
/* End PBXFileReference section */

/* Begin PBXFrameworksBuildPhase section */
		41B523CD259EA3CD005984CF /* Frameworks */ = {
			isa = PBXFrameworksBuildPhase;
			buildActionMask = 2147483647;
			files = (
			);
			runOnlyForDeploymentPostprocessing = 0;
		};
		41B523D3259EA3CD005984CF /* Frameworks */ = {
			isa = PBXFrameworksBuildPhase;
			buildActionMask = 2147483647;
			files = (
			);
			runOnlyForDeploymentPostprocessing = 0;
		};
		41B523DA259EA3CD005984CF /* Frameworks */ = {
			isa = PBXFrameworksBuildPhase;
			buildActionMask = 2147483647;
			files = (
			);
			runOnlyForDeploymentPostprocessing = 0;
		};
		41B523E6259EA3CD005984CF /* Frameworks */ = {
			isa = PBXFrameworksBuildPhase;
			buildActionMask = 2147483647;
			files = (
			);
			runOnlyForDeploymentPostprocessing = 0;
		};
/* End PBXFrameworksBuildPhase section */

/* Begin PBXGroup section */
		41B523C3259EA3B3005984CF = {
			isa = PBXGroup;
			children = (
				4137B6A1283426AF00D6FA32 /* README.md */,
				41B523C8259EA3B4005984CF /* Shared */,
				41B523D7259EA3CD005984CF /* macOS */,
				41B523E0259EA3CD005984CF /* Tests iOS */,
				41B523EC259EA3CD005984CF /* Tests macOS */,
				41B523D1259EA3CD005984CF /* Products */,
			);
			sourceTree = "<group>";
		};
		41B523C8259EA3B4005984CF /* Shared */ = {
			isa = PBXGroup;
			children = (
				41B523C9259EA3B4005984CF /* Currency_conversionsApp.swift */,
				41B523CA259EA3B4005984CF /* ContentView.swift */,
				41B523CB259EA3CD005984CF /* Assets.xcassets */,
			);
			path = Shared;
			sourceTree = "<group>";
		};
		41B523D1259EA3CD005984CF /* Products */ = {
			isa = PBXGroup;
			children = (
				41B523D0259EA3CD005984CF /* Currency conversions.app */,
				41B523D6259EA3CD005984CF /* Currency conversions.app */,
				41B523DD259EA3CD005984CF /* Tests iOS.xctest */,
				41B523E9259EA3CD005984CF /* Tests macOS.xctest */,
			);
			name = Products;
			sourceTree = "<group>";
		};
		41B523D7259EA3CD005984CF /* macOS */ = {
			isa = PBXGroup;
			children = (
				41B523D8259EA3CD005984CF /* macOS.entitlements */,
			);
			path = macOS;
			sourceTree = "<group>";
		};
		41B523E0259EA3CD005984CF /* Tests iOS */ = {
			isa = PBXGroup;
			children = (
				41B523E1259EA3CD005984CF /* Tests_iOS.swift */,
				41B523E3259EA3CD005984CF /* Tests_iOSLaunchTests.swift */,
			);
			path = "Tests iOS";
			sourceTree = "<group>";
		};
		41B523EC259EA3CD005984CF /* Tests macOS */ = {
			isa = PBXGroup;
			children = (
				41B523ED259EA3CD005984CF /* Tests_macOS.swift */,
				41B523EF259EA3CD005984CF /* Tests_macOSLaunchTests.swift */,
			);
			path = "Tests macOS";
			sourceTree = "<group>";
		};
/* End PBXGroup section */

/* Begin PBXNativeTarget section */
		41B523CF259EA3CD005984CF /* Currency conversions (iOS) */ = {
			isa = PBXNativeTarget;
			buildConfigurationList = 41B523F9259EA3CD005984CF /* Build configuration list for PBXNativeTarget "Currency conversions (iOS)" */;
			buildPhases = (
				41B523CC259EA3CD005984CF /* Sources */,
				41B523CD259EA3CD005984CF /* Frameworks */,
				41B523CE259EA3CD005984CF /* Resources */,
			);
			buildRules = (
			);
			dependencies = (
			);
			name = "Currency conversions (iOS)";
			productName = "Currency conversions (iOS)";
			productReference = 41B523D0259EA3CD005984CF /* Currency conversions.app */;
			productType = "com.apple.product-type.application";
		};
		41B523D5259EA3CD005984CF /* Currency conversions (macOS) */ = {
			isa = PBXNativeTarget;
			buildConfigurationList = 41B523FC259EA3CD005984CF /* Build configuration list for PBXNativeTarget "Currency conversions (macOS)" */;
			buildPhases = (
				41B523D2259EA3CD005984CF /* Sources */,
				41B523D3259EA3CD005984CF /* Frameworks */,
				41B523D4259EA3CD005984CF /* Resources */,
			);
			buildRules = (
			);
			dependencies = (
			);
			name = "Currency conversions (macOS)";
			productName = "Currency conversions (macOS)";
			productReference = 41B523D6259EA3CD005984CF /* Currency conversions.app */;
			productType = "com.apple.product-type.application";
		};
		41B523DC259EA3CD005984CF /* Tests iOS */ = {
			isa = PBXNativeTarget;
			buildConfigurationList = 41B523FF259EA3CD005984CF /* Build configuration list for PBXNativeTarget "Tests iOS" */;
			buildPhases = (
				41B523D9259EA3CD005984CF /* Sources */,
				41B523DA259EA3CD005984CF /* Frameworks */,
				41B523DB259EA3CD005984CF /* Resources */,
			);
			buildRules = (
			);
			dependencies = (
				41B523DF259EA3CD005984CF /* PBXTargetDependency */,
			);
			name = "Tests iOS";
			productName = "Tests iOS";
			productReference = 41B523DD259EA3CD005984CF /* Tests iOS.xctest */;
			productType = "com.apple.product-type.bundle.ui-testing";
		};
		41B523E8259EA3CD005984CF /* Tests macOS */ = {
			isa = PBXNativeTarget;
			buildConfigurationList = 41B52402259EA3CD005984CF /* Build configuration list for PBXNativeTarget "Tests macOS" */;
			buildPhases = (
				41B523E5259EA3CD005984CF /* Sources */,
				41B523E6259EA3CD005984CF /* Frameworks */,
				41B523E7259EA3CD005984CF /* Resources */,
			);
			buildRules = (
			);
			dependencies = (
				41B523EB259EA3CD005984CF /* PBXTargetDependency */,
			);
			name = "Tests macOS";
			productName = "Tests macOS";
			productReference = 41B523E9259EA3CD005984CF /* Tests macOS.xctest */;
			productType = "com.apple.product-type.bundle.ui-testing";
		};
/* End PBXNativeTarget section */

/* Begin PBXProject section */
		41B523C4259EA3B3005984CF /* Project object */ = {
			isa = PBXProject;
			attributes = {
				BuildIndependentTargetsInParallel = 1;
				LastSwiftUpdateCheck = 1330;
				LastUpgradeCheck = 1330;
				TargetAttributes = {
					41B523CF259EA3CD005984CF = {
						CreatedOnToolsVersion = 13.3.1;
					};
					41B523D5259EA3CD005984CF = {
						CreatedOnToolsVersion = 13.3.1;
					};
					41B523DC259EA3CD005984CF = {
						CreatedOnToolsVersion = 13.3.1;
						TestTargetID = 41B523CF259EA3CD005984CF;
					};
					41B523E8259EA3CD005984CF = {
						CreatedOnToolsVersion = 13.3.1;
						TestTargetID = 41B523D5259EA3CD005984CF;
					};
				};
			};
			buildConfigurationList = 41B523C7259EA3B3005984CF /* Build configuration list for PBXProject "Currency conversions" */;
			compatibilityVersion = "Xcode 13.0";
			developmentRegion = en;
			hasScannedForEncodings = 0;
			knownRegions = (
				en,
				Base,
			);
			mainGroup = 41B523C3259EA3B3005984CF;
			productRefGroup = 41B523D1259EA3CD005984CF /* Products */;
			projectDirPath = "";
			projectRoot = "";
			targets = (
				41B523CF259EA3CD005984CF /* Currency conversions (iOS) */,
				41B523D5259EA3CD005984CF /* Currency conversions (macOS) */,
				41B523DC259EA3CD005984CF /* Tests iOS */,
				41B523E8259EA3CD005984CF /* Tests macOS */,
			);
		};
/* End PBXProject section */

/* Begin PBXResourcesBuildPhase section */
		41B523CE259EA3CD005984CF /* Resources */ = {
			isa = PBXResourcesBuildPhase;
			buildActionMask = 2147483647;
			files = (
				41B523F5259EA3CD005984CF /* Assets.xcassets in Resources */,
			);
			runOnlyForDeploymentPostprocessing = 0;
		};
		41B523D4259EA3CD005984CF /* Resources */ = {
			isa = PBXResourcesBuildPhase;
			buildActionMask = 2147483647;
			files = (
				41B523F6259EA3CD005984CF /* Assets.xcassets in Resources */,
			);
			runOnlyForDeploymentPostprocessing = 0;
		};
		41B523DB259EA3CD005984CF /* Resources */ = {
			isa = PBXResourcesBuildPhase;
			buildActionMask = 2147483647;
			files = (
			);
			runOnlyForDeploymentPostprocessing = 0;
		};
		41B523E7259EA3CD005984CF /* Resources */ = {
			isa = PBXResourcesBuildPhase;
			buildActionMask = 2147483647;
			files = (
			);
			runOnlyForDeploymentPostprocessing = 0;
		};
/* End PBXResourcesBuildPhase section */

/* Begin PBXSourcesBuildPhase section */
		41B523CC259EA3CD005984CF /* Sources */ = {
			isa = PBXSourcesBuildPhase;
			buildActionMask = 2147483647;
			files = (
				41B523F3259EA3CD005984CF /* ContentView.swift in Sources */,
				41B523F1259EA3CD005984CF /* Currency_conversionsApp.swift in Sources */,
			);
			runOnlyForDeploymentPostprocessing = 0;
		};
		41B523D2259EA3CD005984CF /* Sources */ = {
			isa = PBXSourcesBuildPhase;
			buildActionMask = 2147483647;
			files = (
				41B523F4259EA3CD005984CF /* ContentView.swift in Sources */,
				41B523F2259EA3CD005984CF /* Currency_conversionsApp.swift in Sources */,
			);
			runOnlyForDeploymentPostprocessing = 0;
		};
		41B523D9259EA3CD005984CF /* Sources */ = {
			isa = PBXSourcesBuildPhase;
			buildActionMask = 2147483647;
			files = (
				41B523E4259EA3CD005984CF /* Tests_iOSLaunchTests.swift in Sources */,
				41B523E2259EA3CD005984CF /* Tests_iOS.swift in Sources */,
			);
			runOnlyForDeploymentPostprocessing = 0;
		};
		41B523E5259EA3CD005984CF /* Sources */ = {
			isa = PBXSourcesBuildPhase;
			buildActionMask = 2147483647;
			files = (
				41B523F0259EA3CD005984CF /* Tests_macOSLaunchTests.swift in Sources */,
				41B523EE259EA3CD005984CF /* Tests_macOS.swift in Sources */,
			);
			runOnlyForDeploymentPostprocessing = 0;
		};
/* End PBXSourcesBuildPhase section */

/* Begin PBXTargetDependency section */
		41B523DF259EA3CD005984CF /* PBXTargetDependency */ = {
			isa = PBXTargetDependency;
			target = 41B523CF259EA3CD005984CF /* Currency conversions (iOS) */;
			targetProxy = 41B523DE259EA3CD005984CF /* PBXContainerItemProxy */;
		};
		41B523EB259EA3CD005984CF /* PBXTargetDependency */ = {
			isa = PBXTargetDependency;
			target = 41B523D5259EA3CD005984CF /* Currency conversions (macOS) */;
			targetProxy = 41B523EA259EA3CD005984CF /* PBXContainerItemProxy */;
		};
/* End PBXTargetDependency section */

/* Begin XCBuildConfiguration section */
		41B523F7259EA3CD005984CF /* Debug */ = {
			isa = XCBuildConfiguration;
			buildSettings = {
				ALWAYS_SEARCH_USER_PATHS = NO;
				CLANG_ANALYZER_NONNULL = YES;
				CLANG_ANALYZER_NUMBER_OBJECT_CONVERSION = YES_AGGRESSIVE;
				CLANG_CXX_LANGUAGE_STANDARD = "gnu++17";
				CLANG_ENABLE_MODULES = YES;
				CLANG_ENABLE_OBJC_ARC = YES;
				CLANG_ENABLE_OBJC_WEAK = YES;
				CLANG_WARN_BLOCK_CAPTURE_AUTORELEASING = YES;
				CLANG_WARN_BOOL_CONVERSION = YES;
				CLANG_WARN_COMMA = YES;
				CLANG_WARN_CONSTANT_CONVERSION = YES;
				CLANG_WARN_DEPRECATED_OBJC_IMPLEMENTATIONS = YES;
				CLANG_WARN_DIRECT_OBJC_ISA_USAGE = YES_ERROR;
				CLANG_WARN_DOCUMENTATION_COMMENTS = YES;
				CLANG_WARN_EMPTY_BODY = YES;
				CLANG_WARN_ENUM_CONVERSION = YES;
				CLANG_WARN_INFINITE_RECURSION = YES;
				CLANG_WARN_INT_CONVERSION = YES;
				CLANG_WARN_NON_LITERAL_NULL_CONVERSION = YES;
				CLANG_WARN_OBJC_IMPLICIT_RETAIN_SELF = YES;
				CLANG_WARN_OBJC_LITERAL_CONVERSION = YES;
				CLANG_WARN_OBJC_ROOT_CLASS = YES_ERROR;
				CLANG_WARN_QUOTED_INCLUDE_IN_FRAMEWORK_HEADER = YES;
				CLANG_WARN_RANGE_LOOP_ANALYSIS = YES;
				CLANG_WARN_STRICT_PROTOTYPES = YES;
				CLANG_WARN_SUSPICIOUS_MOVE = YES;
				CLANG_WARN_UNGUARDED_AVAILABILITY = YES_AGGRESSIVE;
				CLANG_WARN_UNREACHABLE_CODE = YES;
				CLANG_WARN__DUPLICATE_METHOD_MATCH = YES;
				COPY_PHASE_STRIP = NO;
				DEBUG_INFORMATION_FORMAT = dwarf;
				ENABLE_STRICT_OBJC_MSGSEND = YES;
				ENABLE_TESTABILITY = YES;
				GCC_C_LANGUAGE_STANDARD = gnu11;
				GCC_DYNAMIC_NO_PIC = NO;
				GCC_NO_COMMON_BLOCKS = YES;
				GCC_OPTIMIZATION_LEVEL = 0;
				GCC_PREPROCESSOR_DEFINITIONS = (
					"DEBUG=1",
					"$(inherited)",
				);
				GCC_WARN_64_TO_32_BIT_CONVERSION = YES;
				GCC_WARN_ABOUT_RETURN_TYPE = YES_ERROR;
				GCC_WARN_UNDECLARED_SELECTOR = YES;
				GCC_WARN_UNINITIALIZED_AUTOS = YES_AGGRESSIVE;
				GCC_WARN_UNUSED_FUNCTION = YES;
				GCC_WARN_UNUSED_VARIABLE = YES;
				MTL_ENABLE_DEBUG_INFO = INCLUDE_SOURCE;
				MTL_FAST_MATH = YES;
				ONLY_ACTIVE_ARCH = YES;
				SWIFT_ACTIVE_COMPILATION_CONDITIONS = DEBUG;
				SWIFT_OPTIMIZATION_LEVEL = "-Onone";
			};
			name = Debug;
		};
		41B523F8259EA3CD005984CF /* Release */ = {
			isa = XCBuildConfiguration;
			buildSettings = {
				ALWAYS_SEARCH_USER_PATHS = NO;
				CLANG_ANALYZER_NONNULL = YES;
				CLANG_ANALYZER_NUMBER_OBJECT_CONVERSION = YES_AGGRESSIVE;
				CLANG_CXX_LANGUAGE_STANDARD = "gnu++17";
				CLANG_ENABLE_MODULES = YES;
				CLANG_ENABLE_OBJC_ARC = YES;
				CLANG_ENABLE_OBJC_WEAK = YES;
				CLANG_WARN_BLOCK_CAPTURE_AUTORELEASING = YES;
				CLANG_WARN_BOOL_CONVERSION = YES;
				CLANG_WARN_COMMA = YES;
				CLANG_WARN_CONSTANT_CONVERSION = YES;
				CLANG_WARN_DEPRECATED_OBJC_IMPLEMENTATIONS = YES;
				CLANG_WARN_DIRECT_OBJC_ISA_USAGE = YES_ERROR;
				CLANG_WARN_DOCUMENTATION_COMMENTS = YES;
				CLANG_WARN_EMPTY_BODY = YES;
				CLANG_WARN_ENUM_CONVERSION = YES;
				CLANG_WARN_INFINITE_RECURSION = YES;
				CLANG_WARN_INT_CONVERSION = YES;
				CLANG_WARN_NON_LITERAL_NULL_CONVERSION = YES;
				CLANG_WARN_OBJC_IMPLICIT_RETAIN_SELF = YES;
				CLANG_WARN_OBJC_LITERAL_CONVERSION = YES;
				CLANG_WARN_OBJC_ROOT_CLASS = YES_ERROR;
				CLANG_WARN_QUOTED_INCLUDE_IN_FRAMEWORK_HEADER = YES;
				CLANG_WARN_RANGE_LOOP_ANALYSIS = YES;
				CLANG_WARN_STRICT_PROTOTYPES = YES;
				CLANG_WARN_SUSPICIOUS_MOVE = YES;
				CLANG_WARN_UNGUARDED_AVAILABILITY = YES_AGGRESSIVE;
				CLANG_WARN_UNREACHABLE_CODE = YES;
				CLANG_WARN__DUPLICATE_METHOD_MATCH = YES;
				COPY_PHASE_STRIP = NO;
				DEBUG_INFORMATION_FORMAT = "dwarf-with-dsym";
				ENABLE_NS_ASSERTIONS = NO;
				ENABLE_STRICT_OBJC_MSGSEND = YES;
				GCC_C_LANGUAGE_STANDARD = gnu11;
				GCC_NO_COMMON_BLOCKS = YES;
				GCC_WARN_64_TO_32_BIT_CONVERSION = YES;
				GCC_WARN_ABOUT_RETURN_TYPE = YES_ERROR;
				GCC_WARN_UNDECLARED_SELECTOR = YES;
				GCC_WARN_UNINITIALIZED_AUTOS = YES_AGGRESSIVE;
				GCC_WARN_UNUSED_FUNCTION = YES;
				GCC_WARN_UNUSED_VARIABLE = YES;
				MTL_ENABLE_DEBUG_INFO = NO;
				MTL_FAST_MATH = YES;
				SWIFT_COMPILATION_MODE = wholemodule;
				SWIFT_OPTIMIZATION_LEVEL = "-O";
			};
			name = Release;
		};
		41B523FA259EA3CD005984CF /* Debug */ = {
			isa = XCBuildConfiguration;
			buildSettings = {
				ASSETCATALOG_COMPILER_APPICON_NAME = AppIcon;
				ASSETCATALOG_COMPILER_GLOBAL_ACCENT_COLOR_NAME = AccentColor;
				CODE_SIGN_STYLE = Automatic;
				CURRENT_PROJECT_VERSION = 1;
				DEVELOPMENT_TEAM = K3WVRH5UCM;
				ENABLE_PREVIEWS = YES;
				GENERATE_INFOPLIST_FILE = YES;
				INFOPLIST_KEY_UIApplicationSceneManifest_Generation = YES;
				INFOPLIST_KEY_UIApplicationSupportsIndirectInputEvents = YES;
				INFOPLIST_KEY_UILaunchScreen_Generation = YES;
				INFOPLIST_KEY_UISupportedInterfaceOrientations_iPad = "UIInterfaceOrientationPortrait UIInterfaceOrientationPortraitUpsideDown UIInterfaceOrientationLandscapeLeft UIInterfaceOrientationLandscapeRight";
				INFOPLIST_KEY_UISupportedInterfaceOrientations_iPhone = "UIInterfaceOrientationPortrait UIInterfaceOrientationLandscapeLeft UIInterfaceOrientationLandscapeRight";
				IPHONEOS_DEPLOYMENT_TARGET = 15.4;
				LD_RUNPATH_SEARCH_PATHS = (
					"$(inherited)",
					"@executable_path/Frameworks",
				);
				MARKETING_VERSION = 1.0;
				PRODUCT_BUNDLE_IDENTIFIER = "Tatiana.Currency-conversions";
				PRODUCT_NAME = "Currency conversions";
				SDKROOT = iphoneos;
				SWIFT_EMIT_LOC_STRINGS = YES;
				SWIFT_VERSION = 5.0;
				TARGETED_DEVICE_FAMILY = "1,2";
			};
			name = Debug;
		};
		41B523FB259EA3CD005984CF /* Release */ = {
			isa = XCBuildConfiguration;
			buildSettings = {
				ASSETCATALOG_COMPILER_APPICON_NAME = AppIcon;
				ASSETCATALOG_COMPILER_GLOBAL_ACCENT_COLOR_NAME = AccentColor;
				CODE_SIGN_STYLE = Automatic;
				CURRENT_PROJECT_VERSION = 1;
				DEVELOPMENT_TEAM = K3WVRH5UCM;
				ENABLE_PREVIEWS = YES;
				GENERATE_INFOPLIST_FILE = YES;
				INFOPLIST_KEY_UIApplicationSceneManifest_Generation = YES;
				INFOPLIST_KEY_UIApplicationSupportsIndirectInputEvents = YES;
				INFOPLIST_KEY_UILaunchScreen_Generation = YES;
				INFOPLIST_KEY_UISupportedInterfaceOrientations_iPad = "UIInterfaceOrientationPortrait UIInterfaceOrientationPortraitUpsideDown UIInterfaceOrientationLandscapeLeft UIInterfaceOrientationLandscapeRight";
				INFOPLIST_KEY_UISupportedInterfaceOrientations_iPhone = "UIInterfaceOrientationPortrait UIInterfaceOrientationLandscapeLeft UIInterfaceOrientationLandscapeRight";
				IPHONEOS_DEPLOYMENT_TARGET = 15.4;
				LD_RUNPATH_SEARCH_PATHS = (
					"$(inherited)",
					"@executable_path/Frameworks",
				);
				MARKETING_VERSION = 1.0;
				PRODUCT_BUNDLE_IDENTIFIER = "Tatiana.Currency-conversions";
				PRODUCT_NAME = "Currency conversions";
				SDKROOT = iphoneos;
				SWIFT_EMIT_LOC_STRINGS = YES;
				SWIFT_VERSION = 5.0;
				TARGETED_DEVICE_FAMILY = "1,2";
				VALIDATE_PRODUCT = YES;
			};
			name = Release;
		};
		41B523FD259EA3CD005984CF /* Debug */ = {
			isa = XCBuildConfiguration;
			buildSettings = {
				ASSETCATALOG_COMPILER_APPICON_NAME = AppIcon;
				ASSETCATALOG_COMPILER_GLOBAL_ACCENT_COLOR_NAME = AccentColor;
				CODE_SIGN_ENTITLEMENTS = macOS/macOS.entitlements;
				CODE_SIGN_STYLE = Automatic;
				COMBINE_HIDPI_IMAGES = YES;
				CURRENT_PROJECT_VERSION = 1;
				DEVELOPMENT_TEAM = K3WVRH5UCM;
				ENABLE_HARDENED_RUNTIME = YES;
				ENABLE_PREVIEWS = YES;
				GENERATE_INFOPLIST_FILE = YES;
				INFOPLIST_KEY_NSHumanReadableCopyright = "";
				LD_RUNPATH_SEARCH_PATHS = (
					"$(inherited)",
					"@executable_path/../Frameworks",
				);
				MACOSX_DEPLOYMENT_TARGET = 12.0;
				MARKETING_VERSION = 1.0;
				PRODUCT_BUNDLE_IDENTIFIER = "Tatiana.Currency-conversions";
				PRODUCT_NAME = "Currency conversions";
				SDKROOT = macosx;
				SWIFT_EMIT_LOC_STRINGS = YES;
				SWIFT_VERSION = 5.0;
			};
			name = Debug;
		};
		41B523FE259EA3CD005984CF /* Release */ = {
			isa = XCBuildConfiguration;
			buildSettings = {
				ASSETCATALOG_COMPILER_APPICON_NAME = AppIcon;
				ASSETCATALOG_COMPILER_GLOBAL_ACCENT_COLOR_NAME = AccentColor;
				CODE_SIGN_ENTITLEMENTS = macOS/macOS.entitlements;
				CODE_SIGN_STYLE = Automatic;
				COMBINE_HIDPI_IMAGES = YES;
				CURRENT_PROJECT_VERSION = 1;
				DEVELOPMENT_TEAM = K3WVRH5UCM;
				ENABLE_HARDENED_RUNTIME = YES;
				ENABLE_PREVIEWS = YES;
				GENERATE_INFOPLIST_FILE = YES;
				INFOPLIST_KEY_NSHumanReadableCopyright = "";
				LD_RUNPATH_SEARCH_PATHS = (
					"$(inherited)",
					"@executable_path/../Frameworks",
				);
				MACOSX_DEPLOYMENT_TARGET = 12.0;
				MARKETING_VERSION = 1.0;
				PRODUCT_BUNDLE_IDENTIFIER = "Tatiana.Currency-conversions";
				PRODUCT_NAME = "Currency conversions";
				SDKROOT = macosx;
				SWIFT_EMIT_LOC_STRINGS = YES;
				SWIFT_VERSION = 5.0;
			};
			name = Release;
		};
		41B52400259EA3CD005984CF /* Debug */ = {
			isa = XCBuildConfiguration;
			buildSettings = {
				ALWAYS_EMBED_SWIFT_STANDARD_LIBRARIES = YES;
				CODE_SIGN_STYLE = Automatic;
				CURRENT_PROJECT_VERSION = 1;
				DEVELOPMENT_TEAM = K3WVRH5UCM;
				GENERATE_INFOPLIST_FILE = YES;
				IPHONEOS_DEPLOYMENT_TARGET = 15.4;
				MARKETING_VERSION = 1.0;
				PRODUCT_BUNDLE_IDENTIFIER = "Tatiana.Tests-iOS";
				PRODUCT_NAME = "$(TARGET_NAME)";
				SDKROOT = iphoneos;
				SWIFT_EMIT_LOC_STRINGS = NO;
				SWIFT_VERSION = 5.0;
				TARGETED_DEVICE_FAMILY = "1,2";
				TEST_TARGET_NAME = "Currency conversions (iOS)";
			};
			name = Debug;
		};
		41B52401259EA3CD005984CF /* Release */ = {
			isa = XCBuildConfiguration;
			buildSettings = {
				ALWAYS_EMBED_SWIFT_STANDARD_LIBRARIES = YES;
				CODE_SIGN_STYLE = Automatic;
				CURRENT_PROJECT_VERSION = 1;
				DEVELOPMENT_TEAM = K3WVRH5UCM;
				GENERATE_INFOPLIST_FILE = YES;
				IPHONEOS_DEPLOYMENT_TARGET = 15.4;
				MARKETING_VERSION = 1.0;
				PRODUCT_BUNDLE_IDENTIFIER = "Tatiana.Tests-iOS";
				PRODUCT_NAME = "$(TARGET_NAME)";
				SDKROOT = iphoneos;
				SWIFT_EMIT_LOC_STRINGS = NO;
				SWIFT_VERSION = 5.0;
				TARGETED_DEVICE_FAMILY = "1,2";
				TEST_TARGET_NAME = "Currency conversions (iOS)";
				VALIDATE_PRODUCT = YES;
			};
			name = Release;
		};
		41B52403259EA3CD005984CF /* Debug */ = {
			isa = XCBuildConfiguration;
			buildSettings = {
				ALWAYS_EMBED_SWIFT_STANDARD_LIBRARIES = YES;
				CODE_SIGN_STYLE = Automatic;
				CURRENT_PROJECT_VERSION = 1;
				DEVELOPMENT_TEAM = K3WVRH5UCM;
				GENERATE_INFOPLIST_FILE = YES;
				MACOSX_DEPLOYMENT_TARGET = 12.0;
				MARKETING_VERSION = 1.0;
				PRODUCT_BUNDLE_IDENTIFIER = "Tatiana.Tests-macOS";
				PRODUCT_NAME = "$(TARGET_NAME)";
				SDKROOT = macosx;
				SWIFT_EMIT_LOC_STRINGS = NO;
				SWIFT_VERSION = 5.0;
				TEST_TARGET_NAME = "Currency conversions (macOS)";
			};
			name = Debug;
		};
		41B52404259EA3CD005984CF /* Release */ = {
			isa = XCBuildConfiguration;
			buildSettings = {
				ALWAYS_EMBED_SWIFT_STANDARD_LIBRARIES = YES;
				CODE_SIGN_STYLE = Automatic;
				CURRENT_PROJECT_VERSION = 1;
				DEVELOPMENT_TEAM = K3WVRH5UCM;
				GENERATE_INFOPLIST_FILE = YES;
				MACOSX_DEPLOYMENT_TARGET = 12.0;
				MARKETING_VERSION = 1.0;
				PRODUCT_BUNDLE_IDENTIFIER = "Tatiana.Tests-macOS";
				PRODUCT_NAME = "$(TARGET_NAME)";
				SDKROOT = macosx;
				SWIFT_EMIT_LOC_STRINGS = NO;
				SWIFT_VERSION = 5.0;
				TEST_TARGET_NAME = "Currency conversions (macOS)";
			};
			name = Release;
		};
/* End XCBuildConfiguration section */

/* Begin XCConfigurationList section */
		41B523C7259EA3B3005984CF /* Build configuration list for PBXProject "Currency conversions" */ = {
			isa = XCConfigurationList;
			buildConfigurations = (
				41B523F7259EA3CD005984CF /* Debug */,
				41B523F8259EA3CD005984CF /* Release */,
			);
			defaultConfigurationIsVisible = 0;
			defaultConfigurationName = Release;
		};
		41B523F9259EA3CD005984CF /* Build configuration list for PBXNativeTarget "Currency conversions (iOS)" */ = {
			isa = XCConfigurationList;
			buildConfigurations = (
				41B523FA259EA3CD005984CF /* Debug */,
				41B523FB259EA3CD005984CF /* Release */,
			);
			defaultConfigurationIsVisible = 0;
			defaultConfigurationName = Release;
		};
		41B523FC259EA3CD005984CF /* Build configuration list for PBXNativeTarget "Currency conversions (macOS)" */ = {
			isa = XCConfigurationList;
			buildConfigurations = (
				41B523FD259EA3CD005984CF /* Debug */,
				41B523FE259EA3CD005984CF /* Release */,
			);
			defaultConfigurationIsVisible = 0;
			defaultConfigurationName = Release;
		};
		41B523FF259EA3CD005984CF /* Build configuration list for PBXNativeTarget "Tests iOS" */ = {
			isa = XCConfigurationList;
			buildConfigurations = (
				41B52400259EA3CD005984CF /* Debug */,
				41B52401259EA3CD005984CF /* Release */,
			);
			defaultConfigurationIsVisible = 0;
			defaultConfigurationName = Release;
		};
		41B52402259EA3CD005984CF /* Build configuration list for PBXNativeTarget "Tests macOS" */ = {
			isa = XCConfigurationList;
			buildConfigurations = (
				41B52403259EA3CD005984CF /* Debug */,
				41B52404259EA3CD005984CF /* Release */,
			);
			defaultConfigurationIsVisible = 0;
			defaultConfigurationName = Release;
		};
/* End XCConfigurationList section */
	};
	rootObject = 41B523C4259EA3B3005984CF /* Project object */;
}
